// !$*UTF8*$!
{
	archiveVersion = 1;
	classes = {
	};
	objectVersion = 51;
	objects = {

/* Begin PBXBuildFile section */
		1AB3CF945611362F4DEBA254 /* Pods_FeedMe_FeedMeUITests.framework in Frameworks */ = {isa = PBXBuildFile; fileRef = 9D3ADE6E5B72D023E6EF9303 /* Pods_FeedMe_FeedMeUITests.framework */; };
		810B986D261C9C23B2535976 /* Pods_FeedMe.framework in Frameworks */ = {isa = PBXBuildFile; fileRef = 35C4902095E72159DFD9A2A6 /* Pods_FeedMe.framework */; };
		C0C8C97C7ABCA809873F7B56 /* Pods_FeedMeTests.framework in Frameworks */ = {isa = PBXBuildFile; fileRef = 0BFC0B02CB539A34F82B2FFC /* Pods_FeedMeTests.framework */; };
		ED0ADB74269127C5004B6149 /* CategoryViewModel.swift in Sources */ = {isa = PBXBuildFile; fileRef = ED0ADB73269127C5004B6149 /* CategoryViewModel.swift */; };
		ED0ADB7626914067004B6149 /* ViewControllerContracts.swift in Sources */ = {isa = PBXBuildFile; fileRef = ED0ADB7526914067004B6149 /* ViewControllerContracts.swift */; };
		ED18D5BD269256A4009C0724 /* CategoryCollectionViewCell.swift in Sources */ = {isa = PBXBuildFile; fileRef = ED18D5BC269256A3009C0724 /* CategoryCollectionViewCell.swift */; };
		ED18D5BF2692793B009C0724 /* Meals.swift in Sources */ = {isa = PBXBuildFile; fileRef = ED18D5BE2692793B009C0724 /* Meals.swift */; };
		ED18D5C526927CA6009C0724 /* MealsTableViewCell.swift in Sources */ = {isa = PBXBuildFile; fileRef = ED18D5C426927CA6009C0724 /* MealsTableViewCell.swift */; };
		ED18D5C726927DB5009C0724 /* MealViewController.swift in Sources */ = {isa = PBXBuildFile; fileRef = ED18D5C626927DB5009C0724 /* MealViewController.swift */; };
		ED18D5C926927F60009C0724 /* MealViewModel.swift in Sources */ = {isa = PBXBuildFile; fileRef = ED18D5C826927F60009C0724 /* MealViewModel.swift */; };
		ED1FF762269B193E001A8B2A /* MealDetailsViewModel.swift in Sources */ = {isa = PBXBuildFile; fileRef = ED1FF761269B193E001A8B2A /* MealDetailsViewModel.swift */; };
		ED1FF765269B1A1C001A8B2A /* DetailsViewController.swift in Sources */ = {isa = PBXBuildFile; fileRef = ED1FF764269B1A1C001A8B2A /* DetailsViewController.swift */; };
		ED2429842690006F00534AF5 /* Category.swift in Sources */ = {isa = PBXBuildFile; fileRef = ED2429832690006F00534AF5 /* Category.swift */; };
		ED242986269000A900534AF5 /* Network.swift in Sources */ = {isa = PBXBuildFile; fileRef = ED242985269000A900534AF5 /* Network.swift */; };
		ED242989269000F400534AF5 /* Constants.swift in Sources */ = {isa = PBXBuildFile; fileRef = ED242988269000F400534AF5 /* Constants.swift */; };
		ED24298B26902DD400534AF5 /* APIContracts.swift in Sources */ = {isa = PBXBuildFile; fileRef = ED24298A26902DD400534AF5 /* APIContracts.swift */; };
		ED26B79926AC353100D904DC /* empty.json in Resources */ = {isa = PBXBuildFile; fileRef = ED26B79826AC353100D904DC /* empty.json */; };
		ED3B7EBC26B9151B000E8644 /* ImageViewController.swift in Sources */ = {isa = PBXBuildFile; fileRef = ED3B7EBB26B9151B000E8644 /* ImageViewController.swift */; };
		ED40DE8026AD9AD900BEAD1D /* Connection.swift in Sources */ = {isa = PBXBuildFile; fileRef = ED40DE7F26AD9AD900BEAD1D /* Connection.swift */; };
		ED40DE8226AD9E0000BEAD1D /* netwokFail.json in Resources */ = {isa = PBXBuildFile; fileRef = ED40DE8126AD9E0000BEAD1D /* netwokFail.json */; };
		ED4AD12A26A177C700E29BB6 /* TabHostViewController.swift in Sources */ = {isa = PBXBuildFile; fileRef = ED4AD12926A177C700E29BB6 /* TabHostViewController.swift */; };
		ED831EC726A7053F00BD6695 /* LocalManager.swift in Sources */ = {isa = PBXBuildFile; fileRef = ED831EC626A7053F00BD6695 /* LocalManager.swift */; };
		ED831EC926A708C500BD6695 /* FavoriteCell.swift in Sources */ = {isa = PBXBuildFile; fileRef = ED831EC826A708C500BD6695 /* FavoriteCell.swift */; };
		ED84535B268FEDF100A7D289 /* AppDelegate.swift in Sources */ = {isa = PBXBuildFile; fileRef = ED84535A268FEDF100A7D289 /* AppDelegate.swift */; };
		ED84535D268FEDF100A7D289 /* SceneDelegate.swift in Sources */ = {isa = PBXBuildFile; fileRef = ED84535C268FEDF100A7D289 /* SceneDelegate.swift */; };
		ED84535F268FEDF100A7D289 /* ViewController.swift in Sources */ = {isa = PBXBuildFile; fileRef = ED84535E268FEDF100A7D289 /* ViewController.swift */; };
		ED845362268FEDF100A7D289 /* Main.storyboard in Resources */ = {isa = PBXBuildFile; fileRef = ED845360268FEDF100A7D289 /* Main.storyboard */; };
		ED845365268FEDF100A7D289 /* FeedMe.xcdatamodeld in Sources */ = {isa = PBXBuildFile; fileRef = ED845363268FEDF100A7D289 /* FeedMe.xcdatamodeld */; };
		ED845367268FEDF200A7D289 /* Assets.xcassets in Resources */ = {isa = PBXBuildFile; fileRef = ED845366268FEDF200A7D289 /* Assets.xcassets */; };
		ED84536A268FEDF200A7D289 /* LaunchScreen.storyboard in Resources */ = {isa = PBXBuildFile; fileRef = ED845368268FEDF200A7D289 /* LaunchScreen.storyboard */; };
		ED845375268FEDF200A7D289 /* FeedMeTests.swift in Sources */ = {isa = PBXBuildFile; fileRef = ED845374268FEDF200A7D289 /* FeedMeTests.swift */; };
		ED845380268FEDF200A7D289 /* FeedMeUITests.swift in Sources */ = {isa = PBXBuildFile; fileRef = ED84537F268FEDF200A7D289 /* FeedMeUITests.swift */; };
		ED845872269F028200128F7C /* RandomViewController.swift in Sources */ = {isa = PBXBuildFile; fileRef = ED845871269F028200128F7C /* RandomViewController.swift */; };
		ED845878269F032D00128F7C /* RandomViewModel.swift in Sources */ = {isa = PBXBuildFile; fileRef = ED845877269F032D00128F7C /* RandomViewModel.swift */; };
		ED84587A269F1C9A00128F7C /* NavigationController.swift in Sources */ = {isa = PBXBuildFile; fileRef = ED845879269F1C9A00128F7C /* NavigationController.swift */; };
		ED85F43F269DC82C00A738EF /* FavoriteViewController.swift in Sources */ = {isa = PBXBuildFile; fileRef = ED85F43E269DC82C00A738EF /* FavoriteViewController.swift */; };
		ED85F441269DCF1C00A738EF /* DetailsCollectionCell.swift in Sources */ = {isa = PBXBuildFile; fileRef = ED85F440269DCF1C00A738EF /* DetailsCollectionCell.swift */; };
		EDF733E626A9D28800676490 /* MealDetailsNavigationController.swift in Sources */ = {isa = PBXBuildFile; fileRef = EDF733E526A9D28800676490 /* MealDetailsNavigationController.swift */; };
/* End PBXBuildFile section */

/* Begin PBXContainerItemProxy section */
		ED845371268FEDF200A7D289 /* PBXContainerItemProxy */ = {
			isa = PBXContainerItemProxy;
			containerPortal = ED84534F268FEDF100A7D289 /* Project object */;
			proxyType = 1;
			remoteGlobalIDString = ED845356268FEDF100A7D289;
			remoteInfo = FeedMe;
		};
		ED84537C268FEDF200A7D289 /* PBXContainerItemProxy */ = {
			isa = PBXContainerItemProxy;
			containerPortal = ED84534F268FEDF100A7D289 /* Project object */;
			proxyType = 1;
			remoteGlobalIDString = ED845356268FEDF100A7D289;
			remoteInfo = FeedMe;
		};
/* End PBXContainerItemProxy section */

/* Begin PBXFileReference section */
		0BFC0B02CB539A34F82B2FFC /* Pods_FeedMeTests.framework */ = {isa = PBXFileReference; explicitFileType = wrapper.framework; includeInIndex = 0; path = Pods_FeedMeTests.framework; sourceTree = BUILT_PRODUCTS_DIR; };
		0D09D46EE79D1CED002B428B /* Pods-FeedMeTests.debug.xcconfig */ = {isa = PBXFileReference; includeInIndex = 1; lastKnownFileType = text.xcconfig; name = "Pods-FeedMeTests.debug.xcconfig"; path = "Target Support Files/Pods-FeedMeTests/Pods-FeedMeTests.debug.xcconfig"; sourceTree = "<group>"; };
		1484E745E03FE8D6D4737E54 /* Pods-FeedMe.debug.xcconfig */ = {isa = PBXFileReference; includeInIndex = 1; lastKnownFileType = text.xcconfig; name = "Pods-FeedMe.debug.xcconfig"; path = "Target Support Files/Pods-FeedMe/Pods-FeedMe.debug.xcconfig"; sourceTree = "<group>"; };
		35C4902095E72159DFD9A2A6 /* Pods_FeedMe.framework */ = {isa = PBXFileReference; explicitFileType = wrapper.framework; includeInIndex = 0; path = Pods_FeedMe.framework; sourceTree = BUILT_PRODUCTS_DIR; };
		79FBD0516F9C5A94C1665E96 /* Pods-FeedMe-FeedMeUITests.debug.xcconfig */ = {isa = PBXFileReference; includeInIndex = 1; lastKnownFileType = text.xcconfig; name = "Pods-FeedMe-FeedMeUITests.debug.xcconfig"; path = "Target Support Files/Pods-FeedMe-FeedMeUITests/Pods-FeedMe-FeedMeUITests.debug.xcconfig"; sourceTree = "<group>"; };
		9C0DD78E138D936008D1F3DB /* Pods-FeedMe.release.xcconfig */ = {isa = PBXFileReference; includeInIndex = 1; lastKnownFileType = text.xcconfig; name = "Pods-FeedMe.release.xcconfig"; path = "Target Support Files/Pods-FeedMe/Pods-FeedMe.release.xcconfig"; sourceTree = "<group>"; };
		9D3ADE6E5B72D023E6EF9303 /* Pods_FeedMe_FeedMeUITests.framework */ = {isa = PBXFileReference; explicitFileType = wrapper.framework; includeInIndex = 0; path = Pods_FeedMe_FeedMeUITests.framework; sourceTree = BUILT_PRODUCTS_DIR; };
		AE5910192BDC2BD19500E6DC /* Pods-FeedMeTests.release.xcconfig */ = {isa = PBXFileReference; includeInIndex = 1; lastKnownFileType = text.xcconfig; name = "Pods-FeedMeTests.release.xcconfig"; path = "Target Support Files/Pods-FeedMeTests/Pods-FeedMeTests.release.xcconfig"; sourceTree = "<group>"; };
		CDED638534A1C7A7CC5E4AF0 /* Pods-FeedMe-FeedMeUITests.release.xcconfig */ = {isa = PBXFileReference; includeInIndex = 1; lastKnownFileType = text.xcconfig; name = "Pods-FeedMe-FeedMeUITests.release.xcconfig"; path = "Target Support Files/Pods-FeedMe-FeedMeUITests/Pods-FeedMe-FeedMeUITests.release.xcconfig"; sourceTree = "<group>"; };
		ED0ADB73269127C5004B6149 /* CategoryViewModel.swift */ = {isa = PBXFileReference; lastKnownFileType = sourcecode.swift; path = CategoryViewModel.swift; sourceTree = "<group>"; };
		ED0ADB7526914067004B6149 /* ViewControllerContracts.swift */ = {isa = PBXFileReference; lastKnownFileType = sourcecode.swift; path = ViewControllerContracts.swift; sourceTree = "<group>"; };
		ED18D5BC269256A3009C0724 /* CategoryCollectionViewCell.swift */ = {isa = PBXFileReference; lastKnownFileType = sourcecode.swift; path = CategoryCollectionViewCell.swift; sourceTree = "<group>"; };
		ED18D5BE2692793B009C0724 /* Meals.swift */ = {isa = PBXFileReference; lastKnownFileType = sourcecode.swift; path = Meals.swift; sourceTree = "<group>"; };
		ED18D5C426927CA6009C0724 /* MealsTableViewCell.swift */ = {isa = PBXFileReference; lastKnownFileType = sourcecode.swift; path = MealsTableViewCell.swift; sourceTree = "<group>"; };
		ED18D5C626927DB5009C0724 /* MealViewController.swift */ = {isa = PBXFileReference; lastKnownFileType = sourcecode.swift; path = MealViewController.swift; sourceTree = "<group>"; };
		ED18D5C826927F60009C0724 /* MealViewModel.swift */ = {isa = PBXFileReference; lastKnownFileType = sourcecode.swift; path = MealViewModel.swift; sourceTree = "<group>"; };
		ED1FF761269B193E001A8B2A /* MealDetailsViewModel.swift */ = {isa = PBXFileReference; lastKnownFileType = sourcecode.swift; path = MealDetailsViewModel.swift; sourceTree = "<group>"; };
		ED1FF764269B1A1C001A8B2A /* DetailsViewController.swift */ = {isa = PBXFileReference; lastKnownFileType = sourcecode.swift; path = DetailsViewController.swift; sourceTree = "<group>"; };
		ED2429832690006F00534AF5 /* Category.swift */ = {isa = PBXFileReference; lastKnownFileType = sourcecode.swift; path = Category.swift; sourceTree = "<group>"; };
		ED242985269000A900534AF5 /* Network.swift */ = {isa = PBXFileReference; lastKnownFileType = sourcecode.swift; path = Network.swift; sourceTree = "<group>"; };
		ED242988269000F400534AF5 /* Constants.swift */ = {isa = PBXFileReference; lastKnownFileType = sourcecode.swift; path = Constants.swift; sourceTree = "<group>"; };
		ED24298A26902DD400534AF5 /* APIContracts.swift */ = {isa = PBXFileReference; lastKnownFileType = sourcecode.swift; path = APIContracts.swift; sourceTree = "<group>"; };
		ED26B79826AC353100D904DC /* empty.json */ = {isa = PBXFileReference; fileEncoding = 4; lastKnownFileType = text.json; name = empty.json; path = ../../../../Downloads/empty.json; sourceTree = "<group>"; };
		ED3B7EBB26B9151B000E8644 /* ImageViewController.swift */ = {isa = PBXFileReference; lastKnownFileType = sourcecode.swift; path = ImageViewController.swift; sourceTree = "<group>"; };
		ED40DE7F26AD9AD900BEAD1D /* Connection.swift */ = {isa = PBXFileReference; lastKnownFileType = sourcecode.swift; path = Connection.swift; sourceTree = "<group>"; };
		ED40DE8126AD9E0000BEAD1D /* netwokFail.json */ = {isa = PBXFileReference; fileEncoding = 4; lastKnownFileType = text.json; path = netwokFail.json; sourceTree = "<group>"; };
		ED4AD12926A177C700E29BB6 /* TabHostViewController.swift */ = {isa = PBXFileReference; lastKnownFileType = sourcecode.swift; path = TabHostViewController.swift; sourceTree = "<group>"; };
		ED831EC626A7053F00BD6695 /* LocalManager.swift */ = {isa = PBXFileReference; lastKnownFileType = sourcecode.swift; name = LocalManager.swift; path = FeedMe/Models/LocalManager.swift; sourceTree = SOURCE_ROOT; };
		ED831EC826A708C500BD6695 /* FavoriteCell.swift */ = {isa = PBXFileReference; lastKnownFileType = sourcecode.swift; path = FavoriteCell.swift; sourceTree = "<group>"; };
		ED845357268FEDF100A7D289 /* FeedMe.app */ = {isa = PBXFileReference; explicitFileType = wrapper.application; includeInIndex = 0; path = FeedMe.app; sourceTree = BUILT_PRODUCTS_DIR; };
		ED84535A268FEDF100A7D289 /* AppDelegate.swift */ = {isa = PBXFileReference; lastKnownFileType = sourcecode.swift; path = AppDelegate.swift; sourceTree = "<group>"; };
		ED84535C268FEDF100A7D289 /* SceneDelegate.swift */ = {isa = PBXFileReference; lastKnownFileType = sourcecode.swift; path = SceneDelegate.swift; sourceTree = "<group>"; };
		ED84535E268FEDF100A7D289 /* ViewController.swift */ = {isa = PBXFileReference; lastKnownFileType = sourcecode.swift; path = ViewController.swift; sourceTree = "<group>"; };
		ED845361268FEDF100A7D289 /* Base */ = {isa = PBXFileReference; lastKnownFileType = file.storyboard; name = Base; path = Base.lproj/Main.storyboard; sourceTree = "<group>"; };
		ED845364268FEDF100A7D289 /* FeedMe.xcdatamodel */ = {isa = PBXFileReference; lastKnownFileType = wrapper.xcdatamodel; path = FeedMe.xcdatamodel; sourceTree = "<group>"; };
		ED845366268FEDF200A7D289 /* Assets.xcassets */ = {isa = PBXFileReference; lastKnownFileType = folder.assetcatalog; path = Assets.xcassets; sourceTree = "<group>"; };
		ED845369268FEDF200A7D289 /* Base */ = {isa = PBXFileReference; lastKnownFileType = file.storyboard; name = Base; path = Base.lproj/LaunchScreen.storyboard; sourceTree = "<group>"; };
		ED84536B268FEDF200A7D289 /* Info.plist */ = {isa = PBXFileReference; lastKnownFileType = text.plist.xml; path = Info.plist; sourceTree = "<group>"; };
		ED845370268FEDF200A7D289 /* FeedMeTests.xctest */ = {isa = PBXFileReference; explicitFileType = wrapper.cfbundle; includeInIndex = 0; path = FeedMeTests.xctest; sourceTree = BUILT_PRODUCTS_DIR; };
		ED845374268FEDF200A7D289 /* FeedMeTests.swift */ = {isa = PBXFileReference; lastKnownFileType = sourcecode.swift; path = FeedMeTests.swift; sourceTree = "<group>"; };
		ED845376268FEDF200A7D289 /* Info.plist */ = {isa = PBXFileReference; lastKnownFileType = text.plist.xml; path = Info.plist; sourceTree = "<group>"; };
		ED84537B268FEDF200A7D289 /* FeedMeUITests.xctest */ = {isa = PBXFileReference; explicitFileType = wrapper.cfbundle; includeInIndex = 0; path = FeedMeUITests.xctest; sourceTree = BUILT_PRODUCTS_DIR; };
		ED84537F268FEDF200A7D289 /* FeedMeUITests.swift */ = {isa = PBXFileReference; lastKnownFileType = sourcecode.swift; path = FeedMeUITests.swift; sourceTree = "<group>"; };
		ED845381268FEDF200A7D289 /* Info.plist */ = {isa = PBXFileReference; lastKnownFileType = text.plist.xml; path = Info.plist; sourceTree = "<group>"; };
		ED845871269F028200128F7C /* RandomViewController.swift */ = {isa = PBXFileReference; lastKnownFileType = sourcecode.swift; path = RandomViewController.swift; sourceTree = "<group>"; };
		ED845877269F032D00128F7C /* RandomViewModel.swift */ = {isa = PBXFileReference; lastKnownFileType = sourcecode.swift; path = RandomViewModel.swift; sourceTree = "<group>"; };
		ED845879269F1C9A00128F7C /* NavigationController.swift */ = {isa = PBXFileReference; lastKnownFileType = sourcecode.swift; path = NavigationController.swift; sourceTree = "<group>"; };
		ED85F43E269DC82C00A738EF /* FavoriteViewController.swift */ = {isa = PBXFileReference; lastKnownFileType = sourcecode.swift; path = FavoriteViewController.swift; sourceTree = "<group>"; };
		ED85F440269DCF1C00A738EF /* DetailsCollectionCell.swift */ = {isa = PBXFileReference; lastKnownFileType = sourcecode.swift; path = DetailsCollectionCell.swift; sourceTree = "<group>"; };
		EDF733E526A9D28800676490 /* MealDetailsNavigationController.swift */ = {isa = PBXFileReference; lastKnownFileType = sourcecode.swift; path = MealDetailsNavigationController.swift; sourceTree = "<group>"; };
/* End PBXFileReference section */

/* Begin PBXFrameworksBuildPhase section */
		ED845354268FEDF100A7D289 /* Frameworks */ = {
			isa = PBXFrameworksBuildPhase;
			buildActionMask = 2147483647;
			files = (
				810B986D261C9C23B2535976 /* Pods_FeedMe.framework in Frameworks */,
			);
			runOnlyForDeploymentPostprocessing = 0;
		};
		ED84536D268FEDF200A7D289 /* Frameworks */ = {
			isa = PBXFrameworksBuildPhase;
			buildActionMask = 2147483647;
			files = (
				C0C8C97C7ABCA809873F7B56 /* Pods_FeedMeTests.framework in Frameworks */,
			);
			runOnlyForDeploymentPostprocessing = 0;
		};
		ED845378268FEDF200A7D289 /* Frameworks */ = {
			isa = PBXFrameworksBuildPhase;
			buildActionMask = 2147483647;
			files = (
				1AB3CF945611362F4DEBA254 /* Pods_FeedMe_FeedMeUITests.framework in Frameworks */,
			);
			runOnlyForDeploymentPostprocessing = 0;
		};
/* End PBXFrameworksBuildPhase section */

/* Begin PBXGroup section */
		381E26D36E3D3B2152F4D052 /* Pods */ = {
			isa = PBXGroup;
			children = (
				1484E745E03FE8D6D4737E54 /* Pods-FeedMe.debug.xcconfig */,
				9C0DD78E138D936008D1F3DB /* Pods-FeedMe.release.xcconfig */,
				79FBD0516F9C5A94C1665E96 /* Pods-FeedMe-FeedMeUITests.debug.xcconfig */,
				CDED638534A1C7A7CC5E4AF0 /* Pods-FeedMe-FeedMeUITests.release.xcconfig */,
				0D09D46EE79D1CED002B428B /* Pods-FeedMeTests.debug.xcconfig */,
				AE5910192BDC2BD19500E6DC /* Pods-FeedMeTests.release.xcconfig */,
			);
			path = Pods;
			sourceTree = "<group>";
		};
		521960F68F4889BF403A05B7 /* Frameworks */ = {
			isa = PBXGroup;
			children = (
				35C4902095E72159DFD9A2A6 /* Pods_FeedMe.framework */,
				9D3ADE6E5B72D023E6EF9303 /* Pods_FeedMe_FeedMeUITests.framework */,
				0BFC0B02CB539A34F82B2FFC /* Pods_FeedMeTests.framework */,
			);
			name = Frameworks;
			sourceTree = "<group>";
		};
		ED18D5C026927C1B009C0724 /* CategoryScreen */ = {
			isa = PBXGroup;
			children = (
				ED84535E268FEDF100A7D289 /* ViewController.swift */,
				ED18D5BC269256A3009C0724 /* CategoryCollectionViewCell.swift */,
			);
			path = CategoryScreen;
			sourceTree = "<group>";
		};
		ED18D5C126927C31009C0724 /* MealScreen */ = {
			isa = PBXGroup;
			children = (
				ED18D5C426927CA6009C0724 /* MealsTableViewCell.swift */,
				ED18D5C626927DB5009C0724 /* MealViewController.swift */,
			);
			path = MealScreen;
			sourceTree = "<group>";
		};
		ED1FF763269B1A00001A8B2A /* DetailsScreen */ = {
			isa = PBXGroup;
			children = (
				ED1FF764269B1A1C001A8B2A /* DetailsViewController.swift */,
				ED85F440269DCF1C00A738EF /* DetailsCollectionCell.swift */,
			);
			path = DetailsScreen;
			sourceTree = "<group>";
		};
		ED242987269000DE00534AF5 /* Support */ = {
			isa = PBXGroup;
			children = (
				ED242988269000F400534AF5 /* Constants.swift */,
			);
			path = Support;
			sourceTree = "<group>";
		};
		ED4AD12826A177A500E29BB6 /* TabBar HostViewController */ = {
			isa = PBXGroup;
			children = (
				ED4AD12926A177C700E29BB6 /* TabHostViewController.swift */,
			);
			path = "TabBar HostViewController";
			sourceTree = "<group>";
		};
		ED84534E268FEDF100A7D289 = {
			isa = PBXGroup;
			children = (
				ED845359268FEDF100A7D289 /* FeedMe */,
				ED845373268FEDF200A7D289 /* FeedMeTests */,
				ED84537E268FEDF200A7D289 /* FeedMeUITests */,
				ED845358268FEDF100A7D289 /* Products */,
				381E26D36E3D3B2152F4D052 /* Pods */,
				521960F68F4889BF403A05B7 /* Frameworks */,
			);
			sourceTree = "<group>";
		};
		ED845358268FEDF100A7D289 /* Products */ = {
			isa = PBXGroup;
			children = (
				ED845357268FEDF100A7D289 /* FeedMe.app */,
				ED845370268FEDF200A7D289 /* FeedMeTests.xctest */,
				ED84537B268FEDF200A7D289 /* FeedMeUITests.xctest */,
			);
			name = Products;
			sourceTree = "<group>";
		};
		ED845359268FEDF100A7D289 /* FeedMe */ = {
			isa = PBXGroup;
			children = (
				ED845390268FEE6900A7D289 /* DTO */,
				ED84538D268FEE1200A7D289 /* Models */,
				ED242987269000DE00534AF5 /* Support */,
				ED845393268FEE8F00A7D289 /* Contracts */,
				ED845392268FEE8400A7D289 /* ViewModels */,
				ED845391268FEE7C00A7D289 /* Views */,
				ED84536B268FEDF200A7D289 /* Info.plist */,
				ED845363268FEDF100A7D289 /* FeedMe.xcdatamodeld */,
				EDF733E526A9D28800676490 /* MealDetailsNavigationController.swift */,
			);
			path = FeedMe;
			sourceTree = "<group>";
		};
		ED845373268FEDF200A7D289 /* FeedMeTests */ = {
			isa = PBXGroup;
			children = (
				ED845374268FEDF200A7D289 /* FeedMeTests.swift */,
				ED845376268FEDF200A7D289 /* Info.plist */,
			);
			path = FeedMeTests;
			sourceTree = "<group>";
		};
		ED84537E268FEDF200A7D289 /* FeedMeUITests */ = {
			isa = PBXGroup;
			children = (
				ED84537F268FEDF200A7D289 /* FeedMeUITests.swift */,
				ED845381268FEDF200A7D289 /* Info.plist */,
			);
			path = FeedMeUITests;
			sourceTree = "<group>";
		};
		ED84538D268FEE1200A7D289 /* Models */ = {
			isa = PBXGroup;
			children = (
				ED84538F268FEE5800A7D289 /* Network */,
				ED84538E268FEE4B00A7D289 /* Local Models */,
			);
			path = Models;
			sourceTree = "<group>";
		};
		ED84538E268FEE4B00A7D289 /* Local Models */ = {
			isa = PBXGroup;
			children = (
				ED831EC626A7053F00BD6695 /* LocalManager.swift */,
			);
			path = "Local Models";
			sourceTree = "<group>";
		};
		ED84538F268FEE5800A7D289 /* Network */ = {
			isa = PBXGroup;
			children = (
				ED242985269000A900534AF5 /* Network.swift */,
				ED40DE7F26AD9AD900BEAD1D /* Connection.swift */,
			);
			path = Network;
			sourceTree = "<group>";
		};
		ED845390268FEE6900A7D289 /* DTO */ = {
			isa = PBXGroup;
			children = (
				ED2429832690006F00534AF5 /* Category.swift */,
				ED18D5BE2692793B009C0724 /* Meals.swift */,
			);
			path = DTO;
			sourceTree = "<group>";
		};
		ED845391268FEE7C00A7D289 /* Views */ = {
			isa = PBXGroup;
			children = (
				ED40DE8126AD9E0000BEAD1D /* netwokFail.json */,
				ED26B79826AC353100D904DC /* empty.json */,
				ED4AD12826A177A500E29BB6 /* TabBar HostViewController */,
				ED845870269F023C00128F7C /* RandomScreen */,
				ED85F43D269DC7DF00A738EF /* FavoriteScreen */,
				ED1FF763269B1A00001A8B2A /* DetailsScreen */,
				ED18D5C126927C31009C0724 /* MealScreen */,
				ED18D5C026927C1B009C0724 /* CategoryScreen */,
				ED84535C268FEDF100A7D289 /* SceneDelegate.swift */,
				ED84535A268FEDF100A7D289 /* AppDelegate.swift */,
				ED845360268FEDF100A7D289 /* Main.storyboard */,
				ED845368268FEDF200A7D289 /* LaunchScreen.storyboard */,
				ED845366268FEDF200A7D289 /* Assets.xcassets */,
				ED845879269F1C9A00128F7C /* NavigationController.swift */,
				ED3B7EBB26B9151B000E8644 /* ImageViewController.swift */,
			);
			path = Views;
			sourceTree = "<group>";
		};
		ED845392268FEE8400A7D289 /* ViewModels */ = {
			isa = PBXGroup;
			children = (
				ED845876269F031600128F7C /* Random */,
				ED845873269F02DF00128F7C /* Category */,
				ED845874269F02F100128F7C /* Meal */,
				ED845875269F02FD00128F7C /* Meal Details */,
			);
			path = ViewModels;
			sourceTree = "<group>";
		};
		ED845393268FEE8F00A7D289 /* Contracts */ = {
			isa = PBXGroup;
			children = (
				ED24298A26902DD400534AF5 /* APIContracts.swift */,
				ED0ADB7526914067004B6149 /* ViewControllerContracts.swift */,
			);
			path = Contracts;
			sourceTree = "<group>";
		};
		ED845870269F023C00128F7C /* RandomScreen */ = {
			isa = PBXGroup;
			children = (
				ED845871269F028200128F7C /* RandomViewController.swift */,
			);
			path = RandomScreen;
			sourceTree = "<group>";
		};
		ED845873269F02DF00128F7C /* Category */ = {
			isa = PBXGroup;
			children = (
				ED0ADB73269127C5004B6149 /* CategoryViewModel.swift */,
			);
			path = Category;
			sourceTree = "<group>";
		};
		ED845874269F02F100128F7C /* Meal */ = {
			isa = PBXGroup;
			children = (
				ED18D5C826927F60009C0724 /* MealViewModel.swift */,
			);
			path = Meal;
			sourceTree = "<group>";
		};
		ED845875269F02FD00128F7C /* Meal Details */ = {
			isa = PBXGroup;
			children = (
				ED1FF761269B193E001A8B2A /* MealDetailsViewModel.swift */,
			);
			path = "Meal Details";
			sourceTree = "<group>";
		};
		ED845876269F031600128F7C /* Random */ = {
			isa = PBXGroup;
			children = (
				ED845877269F032D00128F7C /* RandomViewModel.swift */,
			);
			path = Random;
			sourceTree = "<group>";
		};
		ED85F43D269DC7DF00A738EF /* FavoriteScreen */ = {
			isa = PBXGroup;
			children = (
				ED85F43E269DC82C00A738EF /* FavoriteViewController.swift */,
				ED831EC826A708C500BD6695 /* FavoriteCell.swift */,
			);
			path = FavoriteScreen;
			sourceTree = "<group>";
		};
/* End PBXGroup section */

/* Begin PBXNativeTarget section */
		ED845356268FEDF100A7D289 /* FeedMe */ = {
			isa = PBXNativeTarget;
			buildConfigurationList = ED845384268FEDF200A7D289 /* Build configuration list for PBXNativeTarget "FeedMe" */;
			buildPhases = (
				A6B750055B338A342A32C4F0 /* [CP] Check Pods Manifest.lock */,
				ED845353268FEDF100A7D289 /* Sources */,
				ED845354268FEDF100A7D289 /* Frameworks */,
				ED845355268FEDF100A7D289 /* Resources */,
				099D1232241E766FB035260A /* [CP] Embed Pods Frameworks */,
			);
			buildRules = (
			);
			dependencies = (
			);
			name = FeedMe;
			productName = FeedMe;
			productReference = ED845357268FEDF100A7D289 /* FeedMe.app */;
			productType = "com.apple.product-type.application";
		};
		ED84536F268FEDF200A7D289 /* FeedMeTests */ = {
			isa = PBXNativeTarget;
			buildConfigurationList = ED845387268FEDF200A7D289 /* Build configuration list for PBXNativeTarget "FeedMeTests" */;
			buildPhases = (
				FFA4DBF233A28555D3D1083E /* [CP] Check Pods Manifest.lock */,
				ED84536C268FEDF200A7D289 /* Sources */,
				ED84536D268FEDF200A7D289 /* Frameworks */,
				ED84536E268FEDF200A7D289 /* Resources */,
			);
			buildRules = (
			);
			dependencies = (
				ED845372268FEDF200A7D289 /* PBXTargetDependency */,
			);
			name = FeedMeTests;
			productName = FeedMeTests;
			productReference = ED845370268FEDF200A7D289 /* FeedMeTests.xctest */;
			productType = "com.apple.product-type.bundle.unit-test";
		};
		ED84537A268FEDF200A7D289 /* FeedMeUITests */ = {
			isa = PBXNativeTarget;
			buildConfigurationList = ED84538A268FEDF200A7D289 /* Build configuration list for PBXNativeTarget "FeedMeUITests" */;
			buildPhases = (
				D1092CE3962796BF00810E2F /* [CP] Check Pods Manifest.lock */,
				ED845377268FEDF200A7D289 /* Sources */,
				ED845378268FEDF200A7D289 /* Frameworks */,
				ED845379268FEDF200A7D289 /* Resources */,
				79C7C7941F8A833F34F10BA2 /* [CP] Embed Pods Frameworks */,
			);
			buildRules = (
			);
			dependencies = (
				ED84537D268FEDF200A7D289 /* PBXTargetDependency */,
			);
			name = FeedMeUITests;
			productName = FeedMeUITests;
			productReference = ED84537B268FEDF200A7D289 /* FeedMeUITests.xctest */;
			productType = "com.apple.product-type.bundle.ui-testing";
		};
/* End PBXNativeTarget section */

/* Begin PBXProject section */
		ED84534F268FEDF100A7D289 /* Project object */ = {
			isa = PBXProject;
			attributes = {
				LastSwiftUpdateCheck = 1250;
				LastUpgradeCheck = 1250;
				TargetAttributes = {
					ED845356268FEDF100A7D289 = {
						CreatedOnToolsVersion = 12.5.1;
					};
					ED84536F268FEDF200A7D289 = {
						CreatedOnToolsVersion = 12.5.1;
						TestTargetID = ED845356268FEDF100A7D289;
					};
					ED84537A268FEDF200A7D289 = {
						CreatedOnToolsVersion = 12.5.1;
						TestTargetID = ED845356268FEDF100A7D289;
					};
				};
			};
			buildConfigurationList = ED845352268FEDF100A7D289 /* Build configuration list for PBXProject "FeedMe" */;
			compatibilityVersion = "Xcode 9.3";
			developmentRegion = en;
			hasScannedForEncodings = 0;
			knownRegions = (
				en,
				Base,
			);
			mainGroup = ED84534E268FEDF100A7D289;
			productRefGroup = ED845358268FEDF100A7D289 /* Products */;
			projectDirPath = "";
			projectRoot = "";
			targets = (
				ED845356268FEDF100A7D289 /* FeedMe */,
				ED84536F268FEDF200A7D289 /* FeedMeTests */,
				ED84537A268FEDF200A7D289 /* FeedMeUITests */,
			);
		};
/* End PBXProject section */

/* Begin PBXResourcesBuildPhase section */
		ED845355268FEDF100A7D289 /* Resources */ = {
			isa = PBXResourcesBuildPhase;
			buildActionMask = 2147483647;
			files = (
				ED84536A268FEDF200A7D289 /* LaunchScreen.storyboard in Resources */,
				ED26B79926AC353100D904DC /* empty.json in Resources */,
				ED845367268FEDF200A7D289 /* Assets.xcassets in Resources */,
				ED845362268FEDF100A7D289 /* Main.storyboard in Resources */,
				ED40DE8226AD9E0000BEAD1D /* netwokFail.json in Resources */,
			);
			runOnlyForDeploymentPostprocessing = 0;
		};
		ED84536E268FEDF200A7D289 /* Resources */ = {
			isa = PBXResourcesBuildPhase;
			buildActionMask = 2147483647;
			files = (
			);
			runOnlyForDeploymentPostprocessing = 0;
		};
		ED845379268FEDF200A7D289 /* Resources */ = {
			isa = PBXResourcesBuildPhase;
			buildActionMask = 2147483647;
			files = (
			);
			runOnlyForDeploymentPostprocessing = 0;
		};
/* End PBXResourcesBuildPhase section */

/* Begin PBXShellScriptBuildPhase section */
		099D1232241E766FB035260A /* [CP] Embed Pods Frameworks */ = {
			isa = PBXShellScriptBuildPhase;
			buildActionMask = 2147483647;
			files = (
			);
			inputFileListPaths = (
				"${PODS_ROOT}/Target Support Files/Pods-FeedMe/Pods-FeedMe-frameworks-${CONFIGURATION}-input-files.xcfilelist",
			);
			name = "[CP] Embed Pods Frameworks";
			outputFileListPaths = (
				"${PODS_ROOT}/Target Support Files/Pods-FeedMe/Pods-FeedMe-frameworks-${CONFIGURATION}-output-files.xcfilelist",
			);
			runOnlyForDeploymentPostprocessing = 0;
			shellPath = /bin/sh;
			shellScript = "\"${PODS_ROOT}/Target Support Files/Pods-FeedMe/Pods-FeedMe-frameworks.sh\"\n";
			showEnvVarsInLog = 0;
		};
		79C7C7941F8A833F34F10BA2 /* [CP] Embed Pods Frameworks */ = {
			isa = PBXShellScriptBuildPhase;
			buildActionMask = 2147483647;
			files = (
			);
			inputFileListPaths = (
				"${PODS_ROOT}/Target Support Files/Pods-FeedMe-FeedMeUITests/Pods-FeedMe-FeedMeUITests-frameworks-${CONFIGURATION}-input-files.xcfilelist",
			);
			name = "[CP] Embed Pods Frameworks";
			outputFileListPaths = (
				"${PODS_ROOT}/Target Support Files/Pods-FeedMe-FeedMeUITests/Pods-FeedMe-FeedMeUITests-frameworks-${CONFIGURATION}-output-files.xcfilelist",
			);
			runOnlyForDeploymentPostprocessing = 0;
			shellPath = /bin/sh;
			shellScript = "\"${PODS_ROOT}/Target Support Files/Pods-FeedMe-FeedMeUITests/Pods-FeedMe-FeedMeUITests-frameworks.sh\"\n";
			showEnvVarsInLog = 0;
		};
		A6B750055B338A342A32C4F0 /* [CP] Check Pods Manifest.lock */ = {
			isa = PBXShellScriptBuildPhase;
			buildActionMask = 2147483647;
			files = (
			);
			inputFileListPaths = (
			);
			inputPaths = (
				"${PODS_PODFILE_DIR_PATH}/Podfile.lock",
				"${PODS_ROOT}/Manifest.lock",
			);
			name = "[CP] Check Pods Manifest.lock";
			outputFileListPaths = (
			);
			outputPaths = (
				"$(DERIVED_FILE_DIR)/Pods-FeedMe-checkManifestLockResult.txt",
			);
			runOnlyForDeploymentPostprocessing = 0;
			shellPath = /bin/sh;
			shellScript = "diff \"${PODS_PODFILE_DIR_PATH}/Podfile.lock\" \"${PODS_ROOT}/Manifest.lock\" > /dev/null\nif [ $? != 0 ] ; then\n    # print error to STDERR\n    echo \"error: The sandbox is not in sync with the Podfile.lock. Run 'pod install' or update your CocoaPods installation.\" >&2\n    exit 1\nfi\n# This output is used by Xcode 'outputs' to avoid re-running this script phase.\necho \"SUCCESS\" > \"${SCRIPT_OUTPUT_FILE_0}\"\n";
			showEnvVarsInLog = 0;
		};
		D1092CE3962796BF00810E2F /* [CP] Check Pods Manifest.lock */ = {
			isa = PBXShellScriptBuildPhase;
			buildActionMask = 2147483647;
			files = (
			);
			inputFileListPaths = (
			);
			inputPaths = (
				"${PODS_PODFILE_DIR_PATH}/Podfile.lock",
				"${PODS_ROOT}/Manifest.lock",
			);
			name = "[CP] Check Pods Manifest.lock";
			outputFileListPaths = (
			);
			outputPaths = (
				"$(DERIVED_FILE_DIR)/Pods-FeedMe-FeedMeUITests-checkManifestLockResult.txt",
			);
			runOnlyForDeploymentPostprocessing = 0;
			shellPath = /bin/sh;
			shellScript = "diff \"${PODS_PODFILE_DIR_PATH}/Podfile.lock\" \"${PODS_ROOT}/Manifest.lock\" > /dev/null\nif [ $? != 0 ] ; then\n    # print error to STDERR\n    echo \"error: The sandbox is not in sync with the Podfile.lock. Run 'pod install' or update your CocoaPods installation.\" >&2\n    exit 1\nfi\n# This output is used by Xcode 'outputs' to avoid re-running this script phase.\necho \"SUCCESS\" > \"${SCRIPT_OUTPUT_FILE_0}\"\n";
			showEnvVarsInLog = 0;
		};
		FFA4DBF233A28555D3D1083E /* [CP] Check Pods Manifest.lock */ = {
			isa = PBXShellScriptBuildPhase;
			buildActionMask = 2147483647;
			files = (
			);
			inputFileListPaths = (
			);
			inputPaths = (
				"${PODS_PODFILE_DIR_PATH}/Podfile.lock",
				"${PODS_ROOT}/Manifest.lock",
			);
			name = "[CP] Check Pods Manifest.lock";
			outputFileListPaths = (
			);
			outputPaths = (
				"$(DERIVED_FILE_DIR)/Pods-FeedMeTests-checkManifestLockResult.txt",
			);
			runOnlyForDeploymentPostprocessing = 0;
			shellPath = /bin/sh;
			shellScript = "diff \"${PODS_PODFILE_DIR_PATH}/Podfile.lock\" \"${PODS_ROOT}/Manifest.lock\" > /dev/null\nif [ $? != 0 ] ; then\n    # print error to STDERR\n    echo \"error: The sandbox is not in sync with the Podfile.lock. Run 'pod install' or update your CocoaPods installation.\" >&2\n    exit 1\nfi\n# This output is used by Xcode 'outputs' to avoid re-running this script phase.\necho \"SUCCESS\" > \"${SCRIPT_OUTPUT_FILE_0}\"\n";
			showEnvVarsInLog = 0;
		};
/* End PBXShellScriptBuildPhase section */

/* Begin PBXSourcesBuildPhase section */
		ED845353268FEDF100A7D289 /* Sources */ = {
			isa = PBXSourcesBuildPhase;
			buildActionMask = 2147483647;
			files = (
				ED18D5BF2692793B009C0724 /* Meals.swift in Sources */,
				ED845878269F032D00128F7C /* RandomViewModel.swift in Sources */,
				ED831EC926A708C500BD6695 /* FavoriteCell.swift in Sources */,
				ED24298B26902DD400534AF5 /* APIContracts.swift in Sources */,
				ED242989269000F400534AF5 /* Constants.swift in Sources */,
				ED18D5C726927DB5009C0724 /* MealViewController.swift in Sources */,
				ED85F441269DCF1C00A738EF /* DetailsCollectionCell.swift in Sources */,
				ED845872269F028200128F7C /* RandomViewController.swift in Sources */,
				ED85F43F269DC82C00A738EF /* FavoriteViewController.swift in Sources */,
				ED84535F268FEDF100A7D289 /* ViewController.swift in Sources */,
				ED3B7EBC26B9151B000E8644 /* ImageViewController.swift in Sources */,
				ED2429842690006F00534AF5 /* Category.swift in Sources */,
				ED1FF762269B193E001A8B2A /* MealDetailsViewModel.swift in Sources */,
				ED831EC726A7053F00BD6695 /* LocalManager.swift in Sources */,
				ED84587A269F1C9A00128F7C /* NavigationController.swift in Sources */,
				ED242986269000A900534AF5 /* Network.swift in Sources */,
				ED845365268FEDF100A7D289 /* FeedMe.xcdatamodeld in Sources */,
				ED1FF765269B1A1C001A8B2A /* DetailsViewController.swift in Sources */,
				ED84535B268FEDF100A7D289 /* AppDelegate.swift in Sources */,
				ED0ADB74269127C5004B6149 /* CategoryViewModel.swift in Sources */,
				ED40DE8026AD9AD900BEAD1D /* Connection.swift in Sources */,
				ED18D5BD269256A4009C0724 /* CategoryCollectionViewCell.swift in Sources */,
				ED4AD12A26A177C700E29BB6 /* TabHostViewController.swift in Sources */,
				EDF733E626A9D28800676490 /* MealDetailsNavigationController.swift in Sources */,
				ED18D5C926927F60009C0724 /* MealViewModel.swift in Sources */,
				ED18D5C526927CA6009C0724 /* MealsTableViewCell.swift in Sources */,
				ED0ADB7626914067004B6149 /* ViewControllerContracts.swift in Sources */,
				ED84535D268FEDF100A7D289 /* SceneDelegate.swift in Sources */,
			);
			runOnlyForDeploymentPostprocessing = 0;
		};
		ED84536C268FEDF200A7D289 /* Sources */ = {
			isa = PBXSourcesBuildPhase;
			buildActionMask = 2147483647;
			files = (
				ED845375268FEDF200A7D289 /* FeedMeTests.swift in Sources */,
			);
			runOnlyForDeploymentPostprocessing = 0;
		};
		ED845377268FEDF200A7D289 /* Sources */ = {
			isa = PBXSourcesBuildPhase;
			buildActionMask = 2147483647;
			files = (
				ED845380268FEDF200A7D289 /* FeedMeUITests.swift in Sources */,
			);
			runOnlyForDeploymentPostprocessing = 0;
		};
/* End PBXSourcesBuildPhase section */

/* Begin PBXTargetDependency section */
		ED845372268FEDF200A7D289 /* PBXTargetDependency */ = {
			isa = PBXTargetDependency;
			target = ED845356268FEDF100A7D289 /* FeedMe */;
			targetProxy = ED845371268FEDF200A7D289 /* PBXContainerItemProxy */;
		};
		ED84537D268FEDF200A7D289 /* PBXTargetDependency */ = {
			isa = PBXTargetDependency;
			target = ED845356268FEDF100A7D289 /* FeedMe */;
			targetProxy = ED84537C268FEDF200A7D289 /* PBXContainerItemProxy */;
		};
/* End PBXTargetDependency section */

/* Begin PBXVariantGroup section */
		ED845360268FEDF100A7D289 /* Main.storyboard */ = {
			isa = PBXVariantGroup;
			children = (
				ED845361268FEDF100A7D289 /* Base */,
			);
			name = Main.storyboard;
			sourceTree = "<group>";
		};
		ED845368268FEDF200A7D289 /* LaunchScreen.storyboard */ = {
			isa = PBXVariantGroup;
			children = (
				ED845369268FEDF200A7D289 /* Base */,
			);
			name = LaunchScreen.storyboard;
			sourceTree = "<group>";
		};
/* End PBXVariantGroup section */

/* Begin XCBuildConfiguration section */
		ED845382268FEDF200A7D289 /* Debug */ = {
			isa = XCBuildConfiguration;
			buildSettings = {
				ALWAYS_SEARCH_USER_PATHS = NO;
				CLANG_ANALYZER_NONNULL = YES;
				CLANG_ANALYZER_NUMBER_OBJECT_CONVERSION = YES_AGGRESSIVE;
				CLANG_CXX_LANGUAGE_STANDARD = "gnu++14";
				CLANG_CXX_LIBRARY = "libc++";
				CLANG_ENABLE_MODULES = YES;
				CLANG_ENABLE_OBJC_ARC = YES;
				CLANG_ENABLE_OBJC_WEAK = YES;
				CLANG_WARN_BLOCK_CAPTURE_AUTORELEASING = YES;
				CLANG_WARN_BOOL_CONVERSION = YES;
				CLANG_WARN_COMMA = YES;
				CLANG_WARN_CONSTANT_CONVERSION = YES;
				CLANG_WARN_DEPRECATED_OBJC_IMPLEMENTATIONS = YES;
				CLANG_WARN_DIRECT_OBJC_ISA_USAGE = YES_ERROR;
				CLANG_WARN_DOCUMENTATION_COMMENTS = YES;
				CLANG_WARN_EMPTY_BODY = YES;
				CLANG_WARN_ENUM_CONVERSION = YES;
				CLANG_WARN_INFINITE_RECURSION = YES;
				CLANG_WARN_INT_CONVERSION = YES;
				CLANG_WARN_NON_LITERAL_NULL_CONVERSION = YES;
				CLANG_WARN_OBJC_IMPLICIT_RETAIN_SELF = YES;
				CLANG_WARN_OBJC_LITERAL_CONVERSION = YES;
				CLANG_WARN_OBJC_ROOT_CLASS = YES_ERROR;
				CLANG_WARN_QUOTED_INCLUDE_IN_FRAMEWORK_HEADER = YES;
				CLANG_WARN_RANGE_LOOP_ANALYSIS = YES;
				CLANG_WARN_STRICT_PROTOTYPES = YES;
				CLANG_WARN_SUSPICIOUS_MOVE = YES;
				CLANG_WARN_UNGUARDED_AVAILABILITY = YES_AGGRESSIVE;
				CLANG_WARN_UNREACHABLE_CODE = YES;
				CLANG_WARN__DUPLICATE_METHOD_MATCH = YES;
				COPY_PHASE_STRIP = NO;
				DEBUG_INFORMATION_FORMAT = dwarf;
				ENABLE_STRICT_OBJC_MSGSEND = YES;
				ENABLE_TESTABILITY = YES;
				GCC_C_LANGUAGE_STANDARD = gnu11;
				GCC_DYNAMIC_NO_PIC = NO;
				GCC_NO_COMMON_BLOCKS = YES;
				GCC_OPTIMIZATION_LEVEL = 0;
				GCC_PREPROCESSOR_DEFINITIONS = (
					"DEBUG=1",
					"$(inherited)",
				);
				GCC_WARN_64_TO_32_BIT_CONVERSION = YES;
				GCC_WARN_ABOUT_RETURN_TYPE = YES_ERROR;
				GCC_WARN_UNDECLARED_SELECTOR = YES;
				GCC_WARN_UNINITIALIZED_AUTOS = YES_AGGRESSIVE;
				GCC_WARN_UNUSED_FUNCTION = YES;
				GCC_WARN_UNUSED_VARIABLE = YES;
				IPHONEOS_DEPLOYMENT_TARGET = 14.5;
				MTL_ENABLE_DEBUG_INFO = INCLUDE_SOURCE;
				MTL_FAST_MATH = YES;
				ONLY_ACTIVE_ARCH = YES;
				SDKROOT = iphoneos;
				SWIFT_ACTIVE_COMPILATION_CONDITIONS = DEBUG;
				SWIFT_OPTIMIZATION_LEVEL = "-Onone";
			};
			name = Debug;
		};
		ED845383268FEDF200A7D289 /* Release */ = {
			isa = XCBuildConfiguration;
			buildSettings = {
				ALWAYS_SEARCH_USER_PATHS = NO;
				CLANG_ANALYZER_NONNULL = YES;
				CLANG_ANALYZER_NUMBER_OBJECT_CONVERSION = YES_AGGRESSIVE;
				CLANG_CXX_LANGUAGE_STANDARD = "gnu++14";
				CLANG_CXX_LIBRARY = "libc++";
				CLANG_ENABLE_MODULES = YES;
				CLANG_ENABLE_OBJC_ARC = YES;
				CLANG_ENABLE_OBJC_WEAK = YES;
				CLANG_WARN_BLOCK_CAPTURE_AUTORELEASING = YES;
				CLANG_WARN_BOOL_CONVERSION = YES;
				CLANG_WARN_COMMA = YES;
				CLANG_WARN_CONSTANT_CONVERSION = YES;
				CLANG_WARN_DEPRECATED_OBJC_IMPLEMENTATIONS = YES;
				CLANG_WARN_DIRECT_OBJC_ISA_USAGE = YES_ERROR;
				CLANG_WARN_DOCUMENTATION_COMMENTS = YES;
				CLANG_WARN_EMPTY_BODY = YES;
				CLANG_WARN_ENUM_CONVERSION = YES;
				CLANG_WARN_INFINITE_RECURSION = YES;
				CLANG_WARN_INT_CONVERSION = YES;
				CLANG_WARN_NON_LITERAL_NULL_CONVERSION = YES;
				CLANG_WARN_OBJC_IMPLICIT_RETAIN_SELF = YES;
				CLANG_WARN_OBJC_LITERAL_CONVERSION = YES;
				CLANG_WARN_OBJC_ROOT_CLASS = YES_ERROR;
				CLANG_WARN_QUOTED_INCLUDE_IN_FRAMEWORK_HEADER = YES;
				CLANG_WARN_RANGE_LOOP_ANALYSIS = YES;
				CLANG_WARN_STRICT_PROTOTYPES = YES;
				CLANG_WARN_SUSPICIOUS_MOVE = YES;
				CLANG_WARN_UNGUARDED_AVAILABILITY = YES_AGGRESSIVE;
				CLANG_WARN_UNREACHABLE_CODE = YES;
				CLANG_WARN__DUPLICATE_METHOD_MATCH = YES;
				COPY_PHASE_STRIP = NO;
				DEBUG_INFORMATION_FORMAT = "dwarf-with-dsym";
				ENABLE_NS_ASSERTIONS = NO;
				ENABLE_STRICT_OBJC_MSGSEND = YES;
				GCC_C_LANGUAGE_STANDARD = gnu11;
				GCC_NO_COMMON_BLOCKS = YES;
				GCC_WARN_64_TO_32_BIT_CONVERSION = YES;
				GCC_WARN_ABOUT_RETURN_TYPE = YES_ERROR;
				GCC_WARN_UNDECLARED_SELECTOR = YES;
				GCC_WARN_UNINITIALIZED_AUTOS = YES_AGGRESSIVE;
				GCC_WARN_UNUSED_FUNCTION = YES;
				GCC_WARN_UNUSED_VARIABLE = YES;
				IPHONEOS_DEPLOYMENT_TARGET = 14.5;
				MTL_ENABLE_DEBUG_INFO = NO;
				MTL_FAST_MATH = YES;
				SDKROOT = iphoneos;
				SWIFT_COMPILATION_MODE = wholemodule;
				SWIFT_OPTIMIZATION_LEVEL = "-O";
				VALIDATE_PRODUCT = YES;
			};
			name = Release;
		};
		ED845385268FEDF200A7D289 /* Debug */ = {
			isa = XCBuildConfiguration;
			baseConfigurationReference = 1484E745E03FE8D6D4737E54 /* Pods-FeedMe.debug.xcconfig */;
			buildSettings = {
				ASSETCATALOG_COMPILER_APPICON_NAME = AppIcon;
				ASSETCATALOG_COMPILER_GLOBAL_ACCENT_COLOR_NAME = AccentColor;
				CODE_SIGN_STYLE = Automatic;
				DEVELOPMENT_TEAM = R45D6M959W;
				INFOPLIST_FILE = FeedMe/Info.plist;
				LD_RUNPATH_SEARCH_PATHS = (
					"$(inherited)",
					"@executable_path/Frameworks",
				);
				PRODUCT_BUNDLE_IDENTIFIER = self.FeedMe;
				PRODUCT_NAME = "$(TARGET_NAME)";
				SWIFT_VERSION = 5.0;
				TARGETED_DEVICE_FAMILY = "1,2";
			};
			name = Debug;
		};
		ED845386268FEDF200A7D289 /* Release */ = {
			isa = XCBuildConfiguration;
			baseConfigurationReference = 9C0DD78E138D936008D1F3DB /* Pods-FeedMe.release.xcconfig */;
			buildSettings = {
				ASSETCATALOG_COMPILER_APPICON_NAME = AppIcon;
				ASSETCATALOG_COMPILER_GLOBAL_ACCENT_COLOR_NAME = AccentColor;
				CODE_SIGN_STYLE = Automatic;
				DEVELOPMENT_TEAM = R45D6M959W;
				INFOPLIST_FILE = FeedMe/Info.plist;
				LD_RUNPATH_SEARCH_PATHS = (
					"$(inherited)",
					"@executable_path/Frameworks",
				);
				PRODUCT_BUNDLE_IDENTIFIER = self.FeedMe;
				PRODUCT_NAME = "$(TARGET_NAME)";
				SWIFT_VERSION = 5.0;
				TARGETED_DEVICE_FAMILY = "1,2";
			};
			name = Release;
		};
		ED845388268FEDF200A7D289 /* Debug */ = {
			isa = XCBuildConfiguration;
			baseConfigurationReference = 0D09D46EE79D1CED002B428B /* Pods-FeedMeTests.debug.xcconfig */;
			buildSettings = {
				ALWAYS_EMBED_SWIFT_STANDARD_LIBRARIES = YES;
				BUNDLE_LOADER = "$(TEST_HOST)";
				CODE_SIGN_STYLE = Automatic;
				INFOPLIST_FILE = FeedMeTests/Info.plist;
				IPHONEOS_DEPLOYMENT_TARGET = 14.5;
				LD_RUNPATH_SEARCH_PATHS = (
					"$(inherited)",
					"@executable_path/Frameworks",
					"@loader_path/Frameworks",
				);
				PRODUCT_BUNDLE_IDENTIFIER = self.FeedMeTests;
				PRODUCT_NAME = "$(TARGET_NAME)";
				SWIFT_VERSION = 5.0;
				TARGETED_DEVICE_FAMILY = "1,2";
				TEST_HOST = "$(BUILT_PRODUCTS_DIR)/FeedMe.app/FeedMe";
			};
			name = Debug;
		};
		ED845389268FEDF200A7D289 /* Release */ = {
			isa = XCBuildConfiguration;
			baseConfigurationReference = AE5910192BDC2BD19500E6DC /* Pods-FeedMeTests.release.xcconfig */;
			buildSettings = {
				ALWAYS_EMBED_SWIFT_STANDARD_LIBRARIES = YES;
				BUNDLE_LOADER = "$(TEST_HOST)";
				CODE_SIGN_STYLE = Automatic;
				INFOPLIST_FILE = FeedMeTests/Info.plist;
				IPHONEOS_DEPLOYMENT_TARGET = 14.5;
				LD_RUNPATH_SEARCH_PATHS = (
					"$(inherited)",
					"@executable_path/Frameworks",
					"@loader_path/Frameworks",
				);
				PRODUCT_BUNDLE_IDENTIFIER = self.FeedMeTests;
				PRODUCT_NAME = "$(TARGET_NAME)";
				SWIFT_VERSION = 5.0;
				TARGETED_DEVICE_FAMILY = "1,2";
				TEST_HOST = "$(BUILT_PRODUCTS_DIR)/FeedMe.app/FeedMe";
			};
			name = Release;
		};
		ED84538B268FEDF200A7D289 /* Debug */ = {
			isa = XCBuildConfiguration;
			baseConfigurationReference = 79FBD0516F9C5A94C1665E96 /* Pods-FeedMe-FeedMeUITests.debug.xcconfig */;
			buildSettings = {
				ALWAYS_EMBED_SWIFT_STANDARD_LIBRARIES = YES;
				CODE_SIGN_STYLE = Automatic;
				INFOPLIST_FILE = FeedMeUITests/Info.plist;
				LD_RUNPATH_SEARCH_PATHS = (
					"$(inherited)",
					"@executable_path/Frameworks",
					"@loader_path/Frameworks",
				);
				PRODUCT_BUNDLE_IDENTIFIER = self.FeedMeUITests;
				PRODUCT_NAME = "$(TARGET_NAME)";
				SWIFT_VERSION = 5.0;
				TARGETED_DEVICE_FAMILY = "1,2";
				TEST_TARGET_NAME = FeedMe;
			};
			name = Debug;
		};
		ED84538C268FEDF200A7D289 /* Release */ = {
			isa = XCBuildConfiguration;
			baseConfigurationReference = CDED638534A1C7A7CC5E4AF0 /* Pods-FeedMe-FeedMeUITests.release.xcconfig */;
			buildSettings = {
				ALWAYS_EMBED_SWIFT_STANDARD_LIBRARIES = YES;
				CODE_SIGN_STYLE = Automatic;
				INFOPLIST_FILE = FeedMeUITests/Info.plist;
				LD_RUNPATH_SEARCH_PATHS = (
					"$(inherited)",
					"@executable_path/Frameworks",
					"@loader_path/Frameworks",
				);
				PRODUCT_BUNDLE_IDENTIFIER = self.FeedMeUITests;
				PRODUCT_NAME = "$(TARGET_NAME)";
				SWIFT_VERSION = 5.0;
				TARGETED_DEVICE_FAMILY = "1,2";
				TEST_TARGET_NAME = FeedMe;
			};
			name = Release;
		};
/* End XCBuildConfiguration section */

/* Begin XCConfigurationList section */
		ED845352268FEDF100A7D289 /* Build configuration list for PBXProject "FeedMe" */ = {
			isa = XCConfigurationList;
			buildConfigurations = (
				ED845382268FEDF200A7D289 /* Debug */,
				ED845383268FEDF200A7D289 /* Release */,
			);
			defaultConfigurationIsVisible = 0;
			defaultConfigurationName = Release;
		};
		ED845384268FEDF200A7D289 /* Build configuration list for PBXNativeTarget "FeedMe" */ = {
			isa = XCConfigurationList;
			buildConfigurations = (
				ED845385268FEDF200A7D289 /* Debug */,
				ED845386268FEDF200A7D289 /* Release */,
			);
			defaultConfigurationIsVisible = 0;
			defaultConfigurationName = Release;
		};
		ED845387268FEDF200A7D289 /* Build configuration list for PBXNativeTarget "FeedMeTests" */ = {
			isa = XCConfigurationList;
			buildConfigurations = (
				ED845388268FEDF200A7D289 /* Debug */,
				ED845389268FEDF200A7D289 /* Release */,
			);
			defaultConfigurationIsVisible = 0;
			defaultConfigurationName = Release;
		};
		ED84538A268FEDF200A7D289 /* Build configuration list for PBXNativeTarget "FeedMeUITests" */ = {
			isa = XCConfigurationList;
			buildConfigurations = (
				ED84538B268FEDF200A7D289 /* Debug */,
				ED84538C268FEDF200A7D289 /* Release */,
			);
			defaultConfigurationIsVisible = 0;
			defaultConfigurationName = Release;
		};
/* End XCConfigurationList section */

/* Begin XCVersionGroup section */
		ED845363268FEDF100A7D289 /* FeedMe.xcdatamodeld */ = {
			isa = XCVersionGroup;
			children = (
				ED845364268FEDF100A7D289 /* FeedMe.xcdatamodel */,
			);
			currentVersion = ED845364268FEDF100A7D289 /* FeedMe.xcdatamodel */;
			path = FeedMe.xcdatamodeld;
			sourceTree = "<group>";
			versionGroupType = wrapper.xcdatamodel;
		};
/* End XCVersionGroup section */
	};
	rootObject = ED84534F268FEDF100A7D289 /* Project object */;
}
